
Microsoft Visual Studio Solution File, Format Version 12.00
# Visual Studio Version 16
VisualStudioVersion = 16.0.30011.22
MinimumVisualStudioVersion = 10.0.40219.1
Project("{FAE04EC0-301F-11D3-BF4B-00C04F79EFBC}") = "DDDTW.PollyAttribute.Core", "DDDTW.PollyAttribute.Core\DDDTW.PollyAttribute.Core.csproj", "{44085FC8-3079-47F1-A322-DC1489A6029E}"
EndProject
Global
	GlobalSection(SolutionConfigurationPlatforms) = preSolution
		Debug|Any CPU = Debug|Any CPU
		Release|Any CPU = Release|Any CPU
	EndGlobalSection
	GlobalSection(ProjectConfigurationPlatforms) = postSolution
		{44085FC8-3079-47F1-A322-DC1489A6029E}.Debug|Any CPU.ActiveCfg = Debug|Any CPU
		{44085FC8-3079-47F1-A322-DC1489A6029E}.Debug|Any CPU.Build.0 = Debug|Any CPU
		{44085FC8-3079-47F1-A322-DC1489A6029E}.Release|Any CPU.ActiveCfg = Release|Any CPU
		{44085FC8-3079-47F1-A322-DC1489A6029E}.Release|Any CPU.Build.0 = Release|Any CPU
	EndGlobalSection
	GlobalSection(SolutionProperties) = preSolution
		HideSolutionNode = FALSE
	EndGlobalSection
	GlobalSection(ExtensibilityGlobals) = postSolution
		SolutionGuid = {AB83629F-B4E4-4C67-9F95-4BB557EFAD2E}
	EndGlobalSection
EndGlobal
